
Microsoft Visual Studio Solution File, Format Version 11.00
# Visual Studio 2010
# SharpDevelop 5.1
Project("{FAE04EC0-301F-11D3-BF4B-00C04F79EFBC}") = "Trabajo Practico", "Trabajo Practico\Trabajo Practico.csproj", "{F0A52488-C1DD-4739-9FDD-54A72F6AFB14}"
EndProject
Global
	GlobalSection(SolutionConfigurationPlatforms) = preSolution
		Debug|Any CPU = Debug|Any CPU
		Release|Any CPU = Release|Any CPU
	EndGlobalSection
	GlobalSection(ProjectConfigurationPlatforms) = postSolution
		{F0A52488-C1DD-4739-9FDD-54A72F6AFB14}.Debug|Any CPU.ActiveCfg = Debug|Any CPU
		{F0A52488-C1DD-4739-9FDD-54A72F6AFB14}.Debug|Any CPU.Build.0 = Debug|Any CPU
		{F0A52488-C1DD-4739-9FDD-54A72F6AFB14}.Release|Any CPU.ActiveCfg = Release|Any CPU
		{F0A52488-C1DD-4739-9FDD-54A72F6AFB14}.Release|Any CPU.Build.0 = Release|Any CPU
	EndGlobalSection
EndGlobal
